// !$*UTF8*$!
{
	archiveVersion = 1;
	classes = {
	};
	objectVersion = 55;
	objects = {

/* Begin PBXBuildFile section */
		4E1867712870F9A800046C66 /* CornerRadius.swift in Sources */ = {isa = PBXBuildFile; fileRef = 4E18676B2870F9A800046C66 /* CornerRadius.swift */; };
		4E1867732870F9A800046C66 /* FullscreenLink.swift in Sources */ = {isa = PBXBuildFile; fileRef = 4E18676D2870F9A800046C66 /* FullscreenLink.swift */; };
		4E1867742870F9A800046C66 /* FileLocation.swift in Sources */ = {isa = PBXBuildFile; fileRef = 4E18676E2870F9A800046C66 /* FileLocation.swift */; };
		4E1867762870F9A800046C66 /* MyApp.swift in Sources */ = {isa = PBXBuildFile; fileRef = 4E1867702870F9A800046C66 /* MyApp.swift */; };
		4E58B5232870EE5F00567826 /* Assets.xcassets in Resources */ = {isa = PBXBuildFile; fileRef = 4E58B5222870EE5F00567826 /* Assets.xcassets */; };
		4E60E68E2879DFA60068D7DD /* HTMLEditor.swift in Sources */ = {isa = PBXBuildFile; fileRef = 4E60E68B2879DFA60068D7DD /* HTMLEditor.swift */; };
		4E60E68F2879DFA60068D7DD /* TextFileEditor.swift in Sources */ = {isa = PBXBuildFile; fileRef = 4E60E68C2879DFA60068D7DD /* TextFileEditor.swift */; };
		4E60E6902879DFA60068D7DD /* SourceView.swift in Sources */ = {isa = PBXBuildFile; fileRef = 4E60E68D2879DFA60068D7DD /* SourceView.swift */; };
		4E60E6922879E5460068D7DD /* ErrorView.swift in Sources */ = {isa = PBXBuildFile; fileRef = 4E60E6912879E5460068D7DD /* ErrorView.swift */; };
		4E611B0F2870FC2C00CF484B /* PageState.swift in Sources */ = {isa = PBXBuildFile; fileRef = 4E611B082870FC2C00CF484B /* PageState.swift */; };
		4E611B102870FC2C00CF484B /* WebPreview.swift in Sources */ = {isa = PBXBuildFile; fileRef = 4E611B092870FC2C00CF484B /* WebPreview.swift */; };
		4E611B112870FC2C00CF484B /* PageEditor.swift in Sources */ = {isa = PBXBuildFile; fileRef = 4E611B0A2870FC2C00CF484B /* PageEditor.swift */; };
		4E611B122870FC2C00CF484B /* Page.swift in Sources */ = {isa = PBXBuildFile; fileRef = 4E611B0B2870FC2C00CF484B /* Page.swift */; };
		4E9378A02879F24B00B67A71 /* PageTitlebar.swift in Sources */ = {isa = PBXBuildFile; fileRef = 4E93789F2879F24B00B67A71 /* PageTitlebar.swift */; };
		4EA009DA287B460E00382EE1 /* ImageImportSheet.swift in Sources */ = {isa = PBXBuildFile; fileRef = 4EA009D9287B460E00382EE1 /* ImageImportSheet.swift */; };
		4EA009DC287B462300382EE1 /* FileManagementMenuItems.swift in Sources */ = {isa = PBXBuildFile; fileRef = 4EA009DB287B462300382EE1 /* FileManagementMenuItems.swift */; };
		4ED03D072876923F00A0D461 /* Shoebox.swift in Sources */ = {isa = PBXBuildFile; fileRef = 4ED03D032876923F00A0D461 /* Shoebox.swift */; };
		4ED03D082876923F00A0D461 /* ShoeboxProject.swift in Sources */ = {isa = PBXBuildFile; fileRef = 4ED03D042876923F00A0D461 /* ShoeboxProject.swift */; };
		4ED03D092876923F00A0D461 /* ShoeboxBrowser.swift in Sources */ = {isa = PBXBuildFile; fileRef = 4ED03D052876923F00A0D461 /* ShoeboxBrowser.swift */; };
		4ED03D0A2876923F00A0D461 /* ShoeboxState.swift in Sources */ = {isa = PBXBuildFile; fileRef = 4ED03D062876923F00A0D461 /* ShoeboxState.swift */; };
		4ED03D122876935D00A0D461 /* ProjectState.swift in Sources */ = {isa = PBXBuildFile; fileRef = 4ED03D0B2876935D00A0D461 /* ProjectState.swift */; };
		4ED03D132876935D00A0D461 /* Project.swift in Sources */ = {isa = PBXBuildFile; fileRef = 4ED03D0C2876935D00A0D461 /* Project.swift */; };
		4ED03D142876935D00A0D461 /* ProjectEditor.swift in Sources */ = {isa = PBXBuildFile; fileRef = 4ED03D0D2876935D00A0D461 /* ProjectEditor.swift */; };
		4ED03D152876935D00A0D461 /* ProjectSettings.swift in Sources */ = {isa = PBXBuildFile; fileRef = 4ED03D0E2876935D00A0D461 /* ProjectSettings.swift */; };
		4ED03D172876935D00A0D461 /* DirectoryItem.swift in Sources */ = {isa = PBXBuildFile; fileRef = 4ED03D102876935D00A0D461 /* DirectoryItem.swift */; };
		4ED03D182876935D00A0D461 /* DirectoryListing.swift in Sources */ = {isa = PBXBuildFile; fileRef = 4ED03D112876935D00A0D461 /* DirectoryListing.swift */; };
		4ED03D1A287693DD00A0D461 /* NotAShoebox.swift in Sources */ = {isa = PBXBuildFile; fileRef = 4ED03D19287693DD00A0D461 /* NotAShoebox.swift */; };
		4ED03D1E28769ECA00A0D461 /* content.js in Resources */ = {isa = PBXBuildFile; fileRef = 4ED03D1C28769ECA00A0D461 /* content.js */; };
		4ED03D1F28769ECA00A0D461 /* host.html in Resources */ = {isa = PBXBuildFile; fileRef = 4ED03D1D28769ECA00A0D461 /* host.html */; };
		4EDB5F16287A84F7006C6DC9 /* SystemImagePicker.swift in Sources */ = {isa = PBXBuildFile; fileRef = 4EDB5F14287A84F6006C6DC9 /* SystemImagePicker.swift */; };
		4EDB5F17287A84F7006C6DC9 /* ImagePreview.swift in Sources */ = {isa = PBXBuildFile; fileRef = 4EDB5F15287A84F6006C6DC9 /* ImagePreview.swift */; };
		4EDCCCCF2878B22D007E0F02 /* Introspect in Frameworks */ = {isa = PBXBuildFile; productRef = 4EDCCCCE2878B22D007E0F02 /* Introspect */; };
/* End PBXBuildFile section */

/* Begin PBXFileReference section */
		4E18676B2870F9A800046C66 /* CornerRadius.swift */ = {isa = PBXFileReference; fileEncoding = 4; lastKnownFileType = sourcecode.swift; name = CornerRadius.swift; path = "../HTML Editor.swiftpm/CornerRadius.swift"; sourceTree = "<group>"; };
		4E18676D2870F9A800046C66 /* FullscreenLink.swift */ = {isa = PBXFileReference; fileEncoding = 4; lastKnownFileType = sourcecode.swift; name = FullscreenLink.swift; path = "../HTML Editor.swiftpm/FullscreenLink.swift"; sourceTree = "<group>"; };
		4E18676E2870F9A800046C66 /* FileLocation.swift */ = {isa = PBXFileReference; fileEncoding = 4; lastKnownFileType = sourcecode.swift; name = FileLocation.swift; path = "../HTML Editor.swiftpm/FileLocation.swift"; sourceTree = "<group>"; };
		4E1867702870F9A800046C66 /* MyApp.swift */ = {isa = PBXFileReference; fileEncoding = 4; lastKnownFileType = sourcecode.swift; name = MyApp.swift; path = "../HTML Editor.swiftpm/MyApp.swift"; sourceTree = "<group>"; };
		4E58B51B2870EE5D00567826 /* HTML Editor for AppKit.app */ = {isa = PBXFileReference; explicitFileType = wrapper.application; includeInIndex = 0; path = "HTML Editor for AppKit.app"; sourceTree = BUILT_PRODUCTS_DIR; };
		4E58B5222870EE5F00567826 /* Assets.xcassets */ = {isa = PBXFileReference; lastKnownFileType = folder.assetcatalog; path = Assets.xcassets; sourceTree = "<group>"; };
		4E58B5272870EE5F00567826 /* HTML_Editor_for_AppKit.entitlements */ = {isa = PBXFileReference; lastKnownFileType = text.plist.entitlements; path = HTML_Editor_for_AppKit.entitlements; sourceTree = "<group>"; };
		4E60E68B2879DFA60068D7DD /* HTMLEditor.swift */ = {isa = PBXFileReference; fileEncoding = 4; lastKnownFileType = sourcecode.swift; path = HTMLEditor.swift; sourceTree = "<group>"; };
		4E60E68C2879DFA60068D7DD /* TextFileEditor.swift */ = {isa = PBXFileReference; fileEncoding = 4; lastKnownFileType = sourcecode.swift; path = TextFileEditor.swift; sourceTree = "<group>"; };
		4E60E68D2879DFA60068D7DD /* SourceView.swift */ = {isa = PBXFileReference; fileEncoding = 4; lastKnownFileType = sourcecode.swift; path = SourceView.swift; sourceTree = "<group>"; };
		4E60E6912879E5460068D7DD /* ErrorView.swift */ = {isa = PBXFileReference; lastKnownFileType = sourcecode.swift; path = ErrorView.swift; sourceTree = "<group>"; };
		4E611B082870FC2C00CF484B /* PageState.swift */ = {isa = PBXFileReference; fileEncoding = 4; lastKnownFileType = sourcecode.swift; path = PageState.swift; sourceTree = "<group>"; };
		4E611B092870FC2C00CF484B /* WebPreview.swift */ = {isa = PBXFileReference; fileEncoding = 4; lastKnownFileType = sourcecode.swift; path = WebPreview.swift; sourceTree = "<group>"; };
		4E611B0A2870FC2C00CF484B /* PageEditor.swift */ = {isa = PBXFileReference; fileEncoding = 4; lastKnownFileType = sourcecode.swift; path = PageEditor.swift; sourceTree = "<group>"; };
		4E611B0B2870FC2C00CF484B /* Page.swift */ = {isa = PBXFileReference; fileEncoding = 4; lastKnownFileType = sourcecode.swift; path = Page.swift; sourceTree = "<group>"; };
		4E93789F2879F24B00B67A71 /* PageTitlebar.swift */ = {isa = PBXFileReference; lastKnownFileType = sourcecode.swift; path = PageTitlebar.swift; sourceTree = "<group>"; };
		4EA009D9287B460E00382EE1 /* ImageImportSheet.swift */ = {isa = PBXFileReference; fileEncoding = 4; lastKnownFileType = sourcecode.swift; path = ImageImportSheet.swift; sourceTree = "<group>"; };
		4EA009DB287B462300382EE1 /* FileManagementMenuItems.swift */ = {isa = PBXFileReference; fileEncoding = 4; lastKnownFileType = sourcecode.swift; path = FileManagementMenuItems.swift; sourceTree = "<group>"; };
		4ED03D032876923F00A0D461 /* Shoebox.swift */ = {isa = PBXFileReference; fileEncoding = 4; lastKnownFileType = sourcecode.swift; path = Shoebox.swift; sourceTree = "<group>"; };
		4ED03D042876923F00A0D461 /* ShoeboxProject.swift */ = {isa = PBXFileReference; fileEncoding = 4; lastKnownFileType = sourcecode.swift; path = ShoeboxProject.swift; sourceTree = "<group>"; };
		4ED03D052876923F00A0D461 /* ShoeboxBrowser.swift */ = {isa = PBXFileReference; fileEncoding = 4; lastKnownFileType = sourcecode.swift; path = ShoeboxBrowser.swift; sourceTree = "<group>"; };
		4ED03D062876923F00A0D461 /* ShoeboxState.swift */ = {isa = PBXFileReference; fileEncoding = 4; lastKnownFileType = sourcecode.swift; path = ShoeboxState.swift; sourceTree = "<group>"; };
		4ED03D0B2876935D00A0D461 /* ProjectState.swift */ = {isa = PBXFileReference; fileEncoding = 4; lastKnownFileType = sourcecode.swift; path = ProjectState.swift; sourceTree = "<group>"; };
		4ED03D0C2876935D00A0D461 /* Project.swift */ = {isa = PBXFileReference; fileEncoding = 4; lastKnownFileType = sourcecode.swift; path = Project.swift; sourceTree = "<group>"; };
		4ED03D0D2876935D00A0D461 /* ProjectEditor.swift */ = {isa = PBXFileReference; fileEncoding = 4; lastKnownFileType = sourcecode.swift; path = ProjectEditor.swift; sourceTree = "<group>"; };
		4ED03D0E2876935D00A0D461 /* ProjectSettings.swift */ = {isa = PBXFileReference; fileEncoding = 4; lastKnownFileType = sourcecode.swift; path = ProjectSettings.swift; sourceTree = "<group>"; };
		4ED03D102876935D00A0D461 /* DirectoryItem.swift */ = {isa = PBXFileReference; fileEncoding = 4; lastKnownFileType = sourcecode.swift; path = DirectoryItem.swift; sourceTree = "<group>"; };
		4ED03D112876935D00A0D461 /* DirectoryListing.swift */ = {isa = PBXFileReference; fileEncoding = 4; lastKnownFileType = sourcecode.swift; path = DirectoryListing.swift; sourceTree = "<group>"; };
		4ED03D19287693DD00A0D461 /* NotAShoebox.swift */ = {isa = PBXFileReference; lastKnownFileType = sourcecode.swift; path = NotAShoebox.swift; sourceTree = "<group>"; };
		4ED03D1C28769ECA00A0D461 /* content.js */ = {isa = PBXFileReference; fileEncoding = 4; lastKnownFileType = sourcecode.javascript; path = content.js; sourceTree = "<group>"; };
		4ED03D1D28769ECA00A0D461 /* host.html */ = {isa = PBXFileReference; fileEncoding = 4; lastKnownFileType = text.html; path = host.html; sourceTree = "<group>"; };
		4EDB5F14287A84F6006C6DC9 /* SystemImagePicker.swift */ = {isa = PBXFileReference; fileEncoding = 4; lastKnownFileType = sourcecode.swift; path = SystemImagePicker.swift; sourceTree = "<group>"; };
		4EDB5F15287A84F6006C6DC9 /* ImagePreview.swift */ = {isa = PBXFileReference; fileEncoding = 4; lastKnownFileType = sourcecode.swift; path = ImagePreview.swift; sourceTree = "<group>"; };
		4EDCCCCC2878B16B007E0F02 /* SwiftUI-Introspect-0.1.4 */ = {isa = PBXFileReference; lastKnownFileType = wrapper; name = "SwiftUI-Introspect-0.1.4"; path = "../vendor/SwiftUI-Introspect-0.1.4"; sourceTree = "<group>"; };
/* End PBXFileReference section */

/* Begin PBXFrameworksBuildPhase section */
		4E58B5182870EE5D00567826 /* Frameworks */ = {
			isa = PBXFrameworksBuildPhase;
			buildActionMask = 2147483647;
			files = (
				4EDCCCCF2878B22D007E0F02 /* Introspect in Frameworks */,
			);
			runOnlyForDeploymentPostprocessing = 0;
		};
/* End PBXFrameworksBuildPhase section */

/* Begin PBXGroup section */
		4E18677A2870FA7200046C66 /* Project */ = {
			isa = PBXGroup;
			children = (
				4EA009DB287B462300382EE1 /* FileManagementMenuItems.swift */,
				4ED03D102876935D00A0D461 /* DirectoryItem.swift */,
				4ED03D112876935D00A0D461 /* DirectoryListing.swift */,
				4ED03D0C2876935D00A0D461 /* Project.swift */,
				4ED03D0D2876935D00A0D461 /* ProjectEditor.swift */,
				4ED03D0E2876935D00A0D461 /* ProjectSettings.swift */,
				4ED03D0B2876935D00A0D461 /* ProjectState.swift */,
			);
			name = Project;
			path = "../HTML Editor.swiftpm/Project";
			sourceTree = "<group>";
		};
		4E58B5122870EE5D00567826 = {
			isa = PBXGroup;
			children = (
				4EDB5F13287A84F6006C6DC9 /* Image */,
				4EDCCCCB2878B16B007E0F02 /* Packages */,
				4ED03D1B28769ECA00A0D461 /* Resources */,
				4E611B072870FC2C00CF484B /* Page */,
				4E611B032870FC2C00CF484B /* Shoebox */,
				4E18677A2870FA7200046C66 /* Project */,
				4E18676B2870F9A800046C66 /* CornerRadius.swift */,
				4E18676E2870F9A800046C66 /* FileLocation.swift */,
				4E18676D2870F9A800046C66 /* FullscreenLink.swift */,
				4E1867702870F9A800046C66 /* MyApp.swift */,
				4E58B5222870EE5F00567826 /* Assets.xcassets */,
				4E58B5272870EE5F00567826 /* HTML_Editor_for_AppKit.entitlements */,
				4E58B51C2870EE5D00567826 /* Products */,
				4EDCCCCD2878B22D007E0F02 /* Frameworks */,
			);
			sourceTree = "<group>";
		};
		4E58B51C2870EE5D00567826 /* Products */ = {
			isa = PBXGroup;
			children = (
				4E58B51B2870EE5D00567826 /* HTML Editor for AppKit.app */,
			);
			name = Products;
			sourceTree = "<group>";
		};
		4E611B032870FC2C00CF484B /* Shoebox */ = {
			isa = PBXGroup;
			children = (
				4ED03D032876923F00A0D461 /* Shoebox.swift */,
				4ED03D052876923F00A0D461 /* ShoeboxBrowser.swift */,
				4ED03D042876923F00A0D461 /* ShoeboxProject.swift */,
				4ED03D062876923F00A0D461 /* ShoeboxState.swift */,
				4ED03D19287693DD00A0D461 /* NotAShoebox.swift */,
			);
			name = Shoebox;
			path = "../HTML Editor.swiftpm/Shoebox";
			sourceTree = "<group>";
		};
		4E611B072870FC2C00CF484B /* Page */ = {
			isa = PBXGroup;
			children = (
				4E60E6912879E5460068D7DD /* ErrorView.swift */,
				4E60E68B2879DFA60068D7DD /* HTMLEditor.swift */,
				4E60E68D2879DFA60068D7DD /* SourceView.swift */,
				4E60E68C2879DFA60068D7DD /* TextFileEditor.swift */,
				4E611B082870FC2C00CF484B /* PageState.swift */,
				4E611B092870FC2C00CF484B /* WebPreview.swift */,
				4E611B0A2870FC2C00CF484B /* PageEditor.swift */,
				4E611B0B2870FC2C00CF484B /* Page.swift */,
				4E93789F2879F24B00B67A71 /* PageTitlebar.swift */,
			);
			name = Page;
			path = "../HTML Editor.swiftpm/Page";
			sourceTree = "<group>";
		};
		4ED03D1B28769ECA00A0D461 /* Resources */ = {
			isa = PBXGroup;
			children = (
				4ED03D1C28769ECA00A0D461 /* content.js */,
				4ED03D1D28769ECA00A0D461 /* host.html */,
			);
			name = Resources;
			path = "../HTML Editor.swiftpm/Resources";
			sourceTree = "<group>";
		};
		4EDB5F13287A84F6006C6DC9 /* Image */ = {
			isa = PBXGroup;
			children = (
				4EA009D9287B460E00382EE1 /* ImageImportSheet.swift */,
				4EDB5F14287A84F6006C6DC9 /* SystemImagePicker.swift */,
				4EDB5F15287A84F6006C6DC9 /* ImagePreview.swift */,
			);
			name = Image;
			path = "../HTML Editor.swiftpm/Image";
			sourceTree = "<group>";
		};
		4EDCCCCB2878B16B007E0F02 /* Packages */ = {
			isa = PBXGroup;
			children = (
				4EDCCCCC2878B16B007E0F02 /* SwiftUI-Introspect-0.1.4 */,
			);
			name = Packages;
			sourceTree = "<group>";
		};
		4EDCCCCD2878B22D007E0F02 /* Frameworks */ = {
			isa = PBXGroup;
			children = (
			);
			name = Frameworks;
			sourceTree = "<group>";
		};
/* End PBXGroup section */

/* Begin PBXNativeTarget section */
		4E58B51A2870EE5D00567826 /* HTML Editor for AppKit */ = {
			isa = PBXNativeTarget;
			buildConfigurationList = 4E58B5402870EE5F00567826 /* Build configuration list for PBXNativeTarget "HTML Editor for AppKit" */;
			buildPhases = (
				4E58B5172870EE5D00567826 /* Sources */,
				4E58B5182870EE5D00567826 /* Frameworks */,
				4E58B5192870EE5D00567826 /* Resources */,
			);
			buildRules = (
			);
			dependencies = (
			);
			name = "HTML Editor for AppKit";
			packageProductDependencies = (
				4EDCCCCE2878B22D007E0F02 /* Introspect */,
			);
			productName = "HTML Editor for AppKit";
			productReference = 4E58B51B2870EE5D00567826 /* HTML Editor for AppKit.app */;
			productType = "com.apple.product-type.application";
		};
/* End PBXNativeTarget section */

/* Begin PBXProject section */
		4E58B5132870EE5D00567826 /* Project object */ = {
			isa = PBXProject;
			attributes = {
				BuildIndependentTargetsInParallel = 1;
				LastSwiftUpdateCheck = 1340;
				LastUpgradeCheck = 1340;
				TargetAttributes = {
					4E58B51A2870EE5D00567826 = {
						CreatedOnToolsVersion = 13.4.1;
						LastSwiftMigration = 1340;
					};
				};
			};
			buildConfigurationList = 4E58B5162870EE5D00567826 /* Build configuration list for PBXProject "HTML Editor for AppKit" */;
			compatibilityVersion = "Xcode 13.0";
			developmentRegion = en;
			hasScannedForEncodings = 0;
			knownRegions = (
				en,
				Base,
			);
			mainGroup = 4E58B5122870EE5D00567826;
			productRefGroup = 4E58B51C2870EE5D00567826 /* Products */;
			projectDirPath = "";
			projectRoot = "";
			targets = (
				4E58B51A2870EE5D00567826 /* HTML Editor for AppKit */,
			);
		};
/* End PBXProject section */

/* Begin PBXResourcesBuildPhase section */
		4E58B5192870EE5D00567826 /* Resources */ = {
			isa = PBXResourcesBuildPhase;
			buildActionMask = 2147483647;
			files = (
				4ED03D1E28769ECA00A0D461 /* content.js in Resources */,
				4ED03D1F28769ECA00A0D461 /* host.html in Resources */,
				4E58B5232870EE5F00567826 /* Assets.xcassets in Resources */,
			);
			runOnlyForDeploymentPostprocessing = 0;
		};
/* End PBXResourcesBuildPhase section */

/* Begin PBXSourcesBuildPhase section */
		4E58B5172870EE5D00567826 /* Sources */ = {
			isa = PBXSourcesBuildPhase;
			buildActionMask = 2147483647;
			files = (
				4E1867732870F9A800046C66 /* FullscreenLink.swift in Sources */,
				4EDB5F17287A84F7006C6DC9 /* ImagePreview.swift in Sources */,
				4ED03D092876923F00A0D461 /* ShoeboxBrowser.swift in Sources */,
				4ED03D1A287693DD00A0D461 /* NotAShoebox.swift in Sources */,
				4EA009DC287B462300382EE1 /* FileManagementMenuItems.swift in Sources */,
				4ED03D182876935D00A0D461 /* DirectoryListing.swift in Sources */,
				4E1867742870F9A800046C66 /* FileLocation.swift in Sources */,
				4E1867762870F9A800046C66 /* MyApp.swift in Sources */,
				4E611B122870FC2C00CF484B /* Page.swift in Sources */,
				4E60E6922879E5460068D7DD /* ErrorView.swift in Sources */,
				4ED03D132876935D00A0D461 /* Project.swift in Sources */,
				4E1867712870F9A800046C66 /* CornerRadius.swift in Sources */,
				4E60E68E2879DFA60068D7DD /* HTMLEditor.swift in Sources */,
				4ED03D082876923F00A0D461 /* ShoeboxProject.swift in Sources */,
				4ED03D152876935D00A0D461 /* ProjectSettings.swift in Sources */,
				4ED03D072876923F00A0D461 /* Shoebox.swift in Sources */,
				4EA009DA287B460E00382EE1 /* ImageImportSheet.swift in Sources */,
				4E60E6902879DFA60068D7DD /* SourceView.swift in Sources */,
				4E611B102870FC2C00CF484B /* WebPreview.swift in Sources */,
				4E611B0F2870FC2C00CF484B /* PageState.swift in Sources */,
				4ED03D122876935D00A0D461 /* ProjectState.swift in Sources */,
				4E60E68F2879DFA60068D7DD /* TextFileEditor.swift in Sources */,
				4EDB5F16287A84F7006C6DC9 /* SystemImagePicker.swift in Sources */,
				4E9378A02879F24B00B67A71 /* PageTitlebar.swift in Sources */,
				4ED03D142876935D00A0D461 /* ProjectEditor.swift in Sources */,
				4ED03D0A2876923F00A0D461 /* ShoeboxState.swift in Sources */,
				4ED03D172876935D00A0D461 /* DirectoryItem.swift in Sources */,
				4E611B112870FC2C00CF484B /* PageEditor.swift in Sources */,
			);
			runOnlyForDeploymentPostprocessing = 0;
		};
/* End PBXSourcesBuildPhase section */

/* Begin XCBuildConfiguration section */
		4E58B53E2870EE5F00567826 /* Debug */ = {
			isa = XCBuildConfiguration;
			buildSettings = {
				ALWAYS_SEARCH_USER_PATHS = NO;
				CLANG_ANALYZER_NONNULL = YES;
				CLANG_ANALYZER_NUMBER_OBJECT_CONVERSION = YES_AGGRESSIVE;
				CLANG_CXX_LANGUAGE_STANDARD = "gnu++17";
				CLANG_ENABLE_MODULES = YES;
				CLANG_ENABLE_OBJC_ARC = YES;
				CLANG_ENABLE_OBJC_WEAK = YES;
				CLANG_WARN_BLOCK_CAPTURE_AUTORELEASING = YES;
				CLANG_WARN_BOOL_CONVERSION = YES;
				CLANG_WARN_COMMA = YES;
				CLANG_WARN_CONSTANT_CONVERSION = YES;
				CLANG_WARN_DEPRECATED_OBJC_IMPLEMENTATIONS = YES;
				CLANG_WARN_DIRECT_OBJC_ISA_USAGE = YES_ERROR;
				CLANG_WARN_DOCUMENTATION_COMMENTS = YES;
				CLANG_WARN_EMPTY_BODY = YES;
				CLANG_WARN_ENUM_CONVERSION = YES;
				CLANG_WARN_INFINITE_RECURSION = YES;
				CLANG_WARN_INT_CONVERSION = YES;
				CLANG_WARN_NON_LITERAL_NULL_CONVERSION = YES;
				CLANG_WARN_OBJC_IMPLICIT_RETAIN_SELF = YES;
				CLANG_WARN_OBJC_LITERAL_CONVERSION = YES;
				CLANG_WARN_OBJC_ROOT_CLASS = YES_ERROR;
				CLANG_WARN_QUOTED_INCLUDE_IN_FRAMEWORK_HEADER = YES;
				CLANG_WARN_RANGE_LOOP_ANALYSIS = YES;
				CLANG_WARN_STRICT_PROTOTYPES = YES;
				CLANG_WARN_SUSPICIOUS_MOVE = YES;
				CLANG_WARN_UNGUARDED_AVAILABILITY = YES_AGGRESSIVE;
				CLANG_WARN_UNREACHABLE_CODE = YES;
				CLANG_WARN__DUPLICATE_METHOD_MATCH = YES;
				COPY_PHASE_STRIP = NO;
				DEBUG_INFORMATION_FORMAT = dwarf;
				ENABLE_STRICT_OBJC_MSGSEND = YES;
				ENABLE_TESTABILITY = YES;
				GCC_C_LANGUAGE_STANDARD = gnu11;
				GCC_DYNAMIC_NO_PIC = NO;
				GCC_NO_COMMON_BLOCKS = YES;
				GCC_OPTIMIZATION_LEVEL = 0;
				GCC_PREPROCESSOR_DEFINITIONS = (
					"DEBUG=1",
					"$(inherited)",
				);
				GCC_WARN_64_TO_32_BIT_CONVERSION = YES;
				GCC_WARN_ABOUT_RETURN_TYPE = YES_ERROR;
				GCC_WARN_UNDECLARED_SELECTOR = YES;
				GCC_WARN_UNINITIALIZED_AUTOS = YES_AGGRESSIVE;
				GCC_WARN_UNUSED_FUNCTION = YES;
				GCC_WARN_UNUSED_VARIABLE = YES;
				MACOSX_DEPLOYMENT_TARGET = 12.3;
				MTL_ENABLE_DEBUG_INFO = INCLUDE_SOURCE;
				MTL_FAST_MATH = YES;
				ONLY_ACTIVE_ARCH = YES;
				SDKROOT = macosx;
				SWIFT_ACTIVE_COMPILATION_CONDITIONS = DEBUG;
				SWIFT_OPTIMIZATION_LEVEL = "-Onone";
			};
			name = Debug;
		};
		4E58B53F2870EE5F00567826 /* Release */ = {
			isa = XCBuildConfiguration;
			buildSettings = {
				ALWAYS_SEARCH_USER_PATHS = NO;
				CLANG_ANALYZER_NONNULL = YES;
				CLANG_ANALYZER_NUMBER_OBJECT_CONVERSION = YES_AGGRESSIVE;
				CLANG_CXX_LANGUAGE_STANDARD = "gnu++17";
				CLANG_ENABLE_MODULES = YES;
				CLANG_ENABLE_OBJC_ARC = YES;
				CLANG_ENABLE_OBJC_WEAK = YES;
				CLANG_WARN_BLOCK_CAPTURE_AUTORELEASING = YES;
				CLANG_WARN_BOOL_CONVERSION = YES;
				CLANG_WARN_COMMA = YES;
				CLANG_WARN_CONSTANT_CONVERSION = YES;
				CLANG_WARN_DEPRECATED_OBJC_IMPLEMENTATIONS = YES;
				CLANG_WARN_DIRECT_OBJC_ISA_USAGE = YES_ERROR;
				CLANG_WARN_DOCUMENTATION_COMMENTS = YES;
				CLANG_WARN_EMPTY_BODY = YES;
				CLANG_WARN_ENUM_CONVERSION = YES;
				CLANG_WARN_INFINITE_RECURSION = YES;
				CLANG_WARN_INT_CONVERSION = YES;
				CLANG_WARN_NON_LITERAL_NULL_CONVERSION = YES;
				CLANG_WARN_OBJC_IMPLICIT_RETAIN_SELF = YES;
				CLANG_WARN_OBJC_LITERAL_CONVERSION = YES;
				CLANG_WARN_OBJC_ROOT_CLASS = YES_ERROR;
				CLANG_WARN_QUOTED_INCLUDE_IN_FRAMEWORK_HEADER = YES;
				CLANG_WARN_RANGE_LOOP_ANALYSIS = YES;
				CLANG_WARN_STRICT_PROTOTYPES = YES;
				CLANG_WARN_SUSPICIOUS_MOVE = YES;
				CLANG_WARN_UNGUARDED_AVAILABILITY = YES_AGGRESSIVE;
				CLANG_WARN_UNREACHABLE_CODE = YES;
				CLANG_WARN__DUPLICATE_METHOD_MATCH = YES;
				COPY_PHASE_STRIP = NO;
				DEBUG_INFORMATION_FORMAT = "dwarf-with-dsym";
				ENABLE_NS_ASSERTIONS = NO;
				ENABLE_STRICT_OBJC_MSGSEND = YES;
				GCC_C_LANGUAGE_STANDARD = gnu11;
				GCC_NO_COMMON_BLOCKS = YES;
				GCC_WARN_64_TO_32_BIT_CONVERSION = YES;
				GCC_WARN_ABOUT_RETURN_TYPE = YES_ERROR;
				GCC_WARN_UNDECLARED_SELECTOR = YES;
				GCC_WARN_UNINITIALIZED_AUTOS = YES_AGGRESSIVE;
				GCC_WARN_UNUSED_FUNCTION = YES;
				GCC_WARN_UNUSED_VARIABLE = YES;
				MACOSX_DEPLOYMENT_TARGET = 12.3;
				MTL_ENABLE_DEBUG_INFO = NO;
				MTL_FAST_MATH = YES;
				SDKROOT = macosx;
				SWIFT_COMPILATION_MODE = wholemodule;
				SWIFT_OPTIMIZATION_LEVEL = "-O";
			};
			name = Release;
		};
		4E58B5412870EE5F00567826 /* Debug */ = {
			isa = XCBuildConfiguration;
			buildSettings = {
				ASSETCATALOG_COMPILER_APPICON_NAME = AppIcon;
				ASSETCATALOG_COMPILER_GLOBAL_ACCENT_COLOR_NAME = AccentColor;
				CLANG_ENABLE_MODULES = YES;
				CODE_SIGN_ENTITLEMENTS = HTML_Editor_for_AppKit.entitlements;
				CODE_SIGN_STYLE = Automatic;
				COMBINE_HIDPI_IMAGES = YES;
				CURRENT_PROJECT_VERSION = 1;
				DEVELOPMENT_ASSET_PATHS = "";
				ENABLE_PREVIEWS = YES;
				GENERATE_INFOPLIST_FILE = YES;
				INFOPLIST_KEY_NSHumanReadableCopyright = "";
				LD_RUNPATH_SEARCH_PATHS = (
					"$(inherited)",
					"@executable_path/../Frameworks",
				);
				MARKETING_VERSION = 1.0;
				PRODUCT_BUNDLE_IDENTIFIER = "org.fantranslation.code.HTML-Editor-for-AppKit";
				PRODUCT_NAME = "$(TARGET_NAME)";
				SWIFT_EMIT_LOC_STRINGS = YES;
				SWIFT_OPTIMIZATION_LEVEL = "-Onone";
				SWIFT_VERSION = 5.0;
			};
			name = Debug;
		};
		4E58B5422870EE5F00567826 /* Release */ = {
			isa = XCBuildConfiguration;
			buildSettings = {
				ASSETCATALOG_COMPILER_APPICON_NAME = AppIcon;
				ASSETCATALOG_COMPILER_GLOBAL_ACCENT_COLOR_NAME = AccentColor;
				CLANG_ENABLE_MODULES = YES;
				CODE_SIGN_ENTITLEMENTS = HTML_Editor_for_AppKit.entitlements;
				CODE_SIGN_STYLE = Automatic;
				COMBINE_HIDPI_IMAGES = YES;
				CURRENT_PROJECT_VERSION = 1;
				DEVELOPMENT_ASSET_PATHS = "";
				ENABLE_PREVIEWS = YES;
				GENERATE_INFOPLIST_FILE = YES;
				INFOPLIST_KEY_NSHumanReadableCopyright = "";
				LD_RUNPATH_SEARCH_PATHS = (
					"$(inherited)",
					"@executable_path/../Frameworks",
				);
				MARKETING_VERSION = 1.0;
				PRODUCT_BUNDLE_IDENTIFIER = "org.fantranslation.code.HTML-Editor-for-AppKit";
				PRODUCT_NAME = "$(TARGET_NAME)";
				SWIFT_EMIT_LOC_STRINGS = YES;
				SWIFT_VERSION = 5.0;
			};
			name = Release;
		};
/* End XCBuildConfiguration section */

/* Begin XCConfigurationList section */
		4E58B5162870EE5D00567826 /* Build configuration list for PBXProject "HTML Editor for AppKit" */ = {
			isa = XCConfigurationList;
			buildConfigurations = (
				4E58B53E2870EE5F00567826 /* Debug */,
				4E58B53F2870EE5F00567826 /* Release */,
			);
			defaultConfigurationIsVisible = 0;
			defaultConfigurationName = Release;
		};
		4E58B5402870EE5F00567826 /* Build configuration list for PBXNativeTarget "HTML Editor for AppKit" */ = {
			isa = XCConfigurationList;
			buildConfigurations = (
				4E58B5412870EE5F00567826 /* Debug */,
				4E58B5422870EE5F00567826 /* Release */,
			);
			defaultConfigurationIsVisible = 0;
			defaultConfigurationName = Release;
		};
/* End XCConfigurationList section */

/* Begin XCSwiftPackageProductDependency section */
		4EDCCCCE2878B22D007E0F02 /* Introspect */ = {
			isa = XCSwiftPackageProductDependency;
			productName = Introspect;
		};
/* End XCSwiftPackageProductDependency section */
	};
	rootObject = 4E58B5132870EE5D00567826 /* Project object */;
}
